{
    "version": 3,
    "terraform_version": "0.10.8",
    "serial": 133,
    "lineage": "94b2b56f-8684-4728-b469-76ec923cb1a4",
    "modules": [
        {
            "path": [
                "root"
            ],
            "outputs": {
                "ec2_dns_name": {
                    "sensitive": false,
                    "type": "string",
                    "value": "ec2-54-161-118-84.compute-1.amazonaws.com"
                },
                "ec2_private_ip": {
                    "sensitive": false,
                    "type": "string",
                    "value": "172.31.84.123"
                },
                "rendered": {
                    "sensitive": false,
                    "type": "string",
                    "value": "Go to http://ec2-54-161-118-84.compute-1.amazonaws.com to log into the chef server.Internal ip is 172.31.84.123"
                }
            },
            "resources": {
                "aws_instance.web": {
                    "type": "aws_instance",
                    "depends_on": [
                        "data.aws_ami.ubuntu"
                    ],
                    "primary": {
                        "id": "i-085a8e4693a60a51c",
                        "attributes": {
                            "ami": "ami-c29e1cb8",
                            "associate_public_ip_address": "true",
                            "availability_zone": "us-east-1a",
                            "disable_api_termination": "false",
                            "ebs_block_device.#": "0",
                            "ebs_optimized": "false",
                            "ephemeral_block_device.#": "0",
                            "iam_instance_profile": "",
                            "id": "i-085a8e4693a60a51c",
                            "instance_state": "running",
                            "instance_type": "t2.medium",
                            "ipv6_addresses.#": "0",
                            "key_name": "mykey",
                            "monitoring": "false",
                            "network_interface.#": "0",
                            "network_interface_id": "eni-11a33ddb",
                            "placement_group": "",
                            "primary_network_interface_id": "eni-11a33ddb",
                            "private_dns": "ip-172-31-84-123.ec2.internal",
                            "private_ip": "172.31.84.123",
                            "public_dns": "ec2-54-161-118-84.compute-1.amazonaws.com",
                            "public_ip": "54.161.118.84",
                            "root_block_device.#": "1",
                            "root_block_device.0.delete_on_termination": "true",
                            "root_block_device.0.iops": "100",
                            "root_block_device.0.volume_size": "8",
                            "root_block_device.0.volume_type": "gp2",
                            "security_groups.#": "1",
                            "security_groups.2200183879": "allow_all",
                            "source_dest_check": "true",
                            "subnet_id": "subnet-db26cef4",
                            "tags.%": "1",
                            "tags.Name": "ChefServer",
                            "tenancy": "default",
                            "volume_tags.%": "0",
                            "vpc_security_group_ids.#": "0"
                        },
                        "meta": {
                            "e2bfb730-ecaa-11e6-8f88-34363bc7c4c0": {
                                "create": 600000000000,
                                "delete": 600000000000,
                                "update": 600000000000
                            },
                            "schema_version": "1"
                        },
                        "tainted": false
                    },
                    "deposed": [],
                    "provider": ""
                },
                "aws_security_group.allow_all": {
                    "type": "aws_security_group",
                    "depends_on": [
                        "data.aws_vpc.main"
                    ],
                    "primary": {
                        "id": "sg-b11238c5",
                        "attributes": {
                            "description": "Allow all inbound traffic",
                            "egress.#": "3",
                            "egress.2214680975.cidr_blocks.#": "1",
                            "egress.2214680975.cidr_blocks.0": "0.0.0.0/0",
                            "egress.2214680975.description": "",
                            "egress.2214680975.from_port": "80",
                            "egress.2214680975.ipv6_cidr_blocks.#": "0",
                            "egress.2214680975.prefix_list_ids.#": "0",
                            "egress.2214680975.protocol": "tcp",
                            "egress.2214680975.security_groups.#": "0",
                            "egress.2214680975.self": "false",
                            "egress.2214680975.to_port": "80",
                            "egress.2541437006.cidr_blocks.#": "1",
                            "egress.2541437006.cidr_blocks.0": "0.0.0.0/0",
                            "egress.2541437006.description": "",
                            "egress.2541437006.from_port": "22",
                            "egress.2541437006.ipv6_cidr_blocks.#": "0",
                            "egress.2541437006.prefix_list_ids.#": "0",
                            "egress.2541437006.protocol": "tcp",
                            "egress.2541437006.security_groups.#": "0",
                            "egress.2541437006.self": "false",
                            "egress.2541437006.to_port": "22",
                            "egress.2617001939.cidr_blocks.#": "1",
                            "egress.2617001939.cidr_blocks.0": "0.0.0.0/0",
                            "egress.2617001939.description": "",
                            "egress.2617001939.from_port": "443",
                            "egress.2617001939.ipv6_cidr_blocks.#": "0",
                            "egress.2617001939.prefix_list_ids.#": "0",
                            "egress.2617001939.protocol": "tcp",
                            "egress.2617001939.security_groups.#": "0",
                            "egress.2617001939.self": "false",
                            "egress.2617001939.to_port": "443",
                            "id": "sg-b11238c5",
                            "ingress.#": "3",
                            "ingress.1634427257.cidr_blocks.#": "2",
                            "ingress.1634427257.cidr_blocks.0": "0.0.0.0/0",
                            "ingress.1634427257.cidr_blocks.1": "172.31.0.0/16",
                            "ingress.1634427257.description": "",
                            "ingress.1634427257.from_port": "443",
                            "ingress.1634427257.ipv6_cidr_blocks.#": "0",
                            "ingress.1634427257.protocol": "tcp",
                            "ingress.1634427257.security_groups.#": "0",
                            "ingress.1634427257.self": "false",
                            "ingress.1634427257.to_port": "443",
                            "ingress.3310898772.cidr_blocks.#": "2",
                            "ingress.3310898772.cidr_blocks.0": "0.0.0.0/0",
                            "ingress.3310898772.cidr_blocks.1": "172.31.0.0/16",
                            "ingress.3310898772.description": "",
                            "ingress.3310898772.from_port": "80",
                            "ingress.3310898772.ipv6_cidr_blocks.#": "0",
                            "ingress.3310898772.protocol": "tcp",
                            "ingress.3310898772.security_groups.#": "0",
                            "ingress.3310898772.self": "false",
                            "ingress.3310898772.to_port": "80",
                            "ingress.3703275745.cidr_blocks.#": "4",
                            "ingress.3703275745.cidr_blocks.0": "142.244.161.39/32",
                            "ingress.3703275745.cidr_blocks.1": "142.244.5.36/32",
                            "ingress.3703275745.cidr_blocks.2": "75.158.126.212/32",
                            "ingress.3703275745.cidr_blocks.3": "172.31.0.0/16",
                            "ingress.3703275745.description": "",
                            "ingress.3703275745.from_port": "22",
                            "ingress.3703275745.ipv6_cidr_blocks.#": "0",
                            "ingress.3703275745.protocol": "tcp",
                            "ingress.3703275745.security_groups.#": "0",
                            "ingress.3703275745.self": "false",
                            "ingress.3703275745.to_port": "22",
                            "name": "allow_all",
                            "owner_id": "932586616415",
                            "revoke_rules_on_delete": "false",
                            "tags.%": "0",
                            "vpc_id": "vpc-72fc5d0a"
                        },
                        "meta": {
                            "schema_version": "1"
                        },
                        "tainted": false
                    },
                    "deposed": [],
                    "provider": ""
                },
                "data.aws_ami.ubuntu": {
                    "type": "aws_ami",
                    "depends_on": [],
                    "primary": {
                        "id": "ami-c29e1cb8",
                        "attributes": {
                            "architecture": "x86_64",
                            "block_device_mappings.#": "3",
                            "block_device_mappings.1634610537.device_name": "/dev/sdb",
                            "block_device_mappings.1634610537.ebs.%": "0",
                            "block_device_mappings.1634610537.no_device": "",
                            "block_device_mappings.1634610537.virtual_name": "ephemeral0",
                            "block_device_mappings.2547816212.device_name": "/dev/sda1",
                            "block_device_mappings.2547816212.ebs.%": "6",
                            "block_device_mappings.2547816212.ebs.delete_on_termination": "true",
                            "block_device_mappings.2547816212.ebs.encrypted": "false",
                            "block_device_mappings.2547816212.ebs.iops": "0",
                            "block_device_mappings.2547816212.ebs.snapshot_id": "snap-0438af8619a84cac5",
                            "block_device_mappings.2547816212.ebs.volume_size": "8",
                            "block_device_mappings.2547816212.ebs.volume_type": "gp2",
                            "block_device_mappings.2547816212.no_device": "",
                            "block_device_mappings.2547816212.virtual_name": "",
                            "block_device_mappings.3850042718.device_name": "/dev/sdc",
                            "block_device_mappings.3850042718.ebs.%": "0",
                            "block_device_mappings.3850042718.no_device": "",
                            "block_device_mappings.3850042718.virtual_name": "ephemeral1",
                            "creation_date": "2017-11-17T16:53:34.000Z",
                            "description": "Canonical, Ubuntu, 14.04 LTS, amd64 trusty image build on 2017-11-15",
                            "filter.#": "2",
                            "filter.2084994860.name": "name",
                            "filter.2084994860.values.#": "1",
                            "filter.2084994860.values.0": "ubuntu/images/hvm-ssd/ubuntu-trusty-14.04-amd64-server-20171115.1",
                            "filter.490168357.name": "virtualization-type",
                            "filter.490168357.values.#": "1",
                            "filter.490168357.values.0": "hvm",
                            "hypervisor": "xen",
                            "id": "ami-c29e1cb8",
                            "image_id": "ami-c29e1cb8",
                            "image_location": "099720109477/ubuntu/images/hvm-ssd/ubuntu-trusty-14.04-amd64-server-20171115.1",
                            "image_type": "machine",
                            "most_recent": "true",
                            "name": "ubuntu/images/hvm-ssd/ubuntu-trusty-14.04-amd64-server-20171115.1",
                            "owner_id": "099720109477",
                            "product_codes.#": "0",
                            "public": "true",
                            "root_device_name": "/dev/sda1",
                            "root_device_type": "ebs",
                            "root_snapshot_id": "snap-0438af8619a84cac5",
                            "sriov_net_support": "simple",
                            "state": "available",
                            "state_reason.%": "2",
                            "state_reason.code": "UNSET",
                            "state_reason.message": "UNSET",
                            "tags.%": "0",
                            "virtualization_type": "hvm"
                        },
                        "meta": {},
                        "tainted": false
                    },
                    "deposed": [],
                    "provider": ""
                },
                "data.aws_vpc.main": {
                    "type": "aws_vpc",
                    "depends_on": [],
                    "primary": {
                        "id": "vpc-72fc5d0a",
                        "attributes": {
                            "cidr_block": "172.31.0.0/16",
                            "default": "true",
                            "dhcp_options_id": "dopt-9833bce1",
                            "enable_dns_hostnames": "true",
                            "enable_dns_support": "true",
                            "id": "vpc-72fc5d0a",
                            "instance_tenancy": "default",
                            "state": "available",
                            "tags.%": "0"
                        },
                        "meta": {},
                        "tainted": false
                    },
                    "deposed": [],
                    "provider": ""
                },
                "data.template_file.web": {
                    "type": "template_file",
                    "depends_on": [
                        "aws_instance.web"
                    ],
                    "primary": {
                        "id": "dd519adceb5f14915476921bb0e9131749980f6551dacd793c2294f5a689b087",
                        "attributes": {
                            "id": "dd519adceb5f14915476921bb0e9131749980f6551dacd793c2294f5a689b087",
                            "rendered": "Go to http://ec2-54-161-118-84.compute-1.amazonaws.com to log into the chef server.Internal ip is 172.31.84.123",
                            "template": "Go to http://${chefserver} to log into the chef server.Internal ip is ${internalip}",
                            "vars.%": "2",
                            "vars.chefserver": "ec2-54-161-118-84.compute-1.amazonaws.com",
                            "vars.internalip": "172.31.84.123"
                        },
                        "meta": {},
                        "tainted": false
                    },
                    "deposed": [],
                    "provider": ""
                }
            },
            "depends_on": []
        }
    ]
}
